
Microsoft Visual Studio Solution File, Format Version 12.00
# Visual Studio 2015
Project("{FAE04EC0-301F-11D3-BF4B-00C04F79EFBC}") = "Nirnroot-JC.CSharp", "Nirnroot-JC.CSharp.csproj", "{EFDBD7DC-896D-B098-4081-ACAC307AB6D1}"
EndProject
Global
	GlobalSection(SolutionConfigurationPlatforms) = preSolution
		Debug|Any CPU = Debug|Any CPU
		Release|Any CPU = Release|Any CPU
	EndGlobalSection
	GlobalSection(ProjectConfigurationPlatforms) = postSolution
		{EFDBD7DC-896D-B098-4081-ACAC307AB6D1}.Debug|Any CPU.ActiveCfg = Debug|Any CPU
		{EFDBD7DC-896D-B098-4081-ACAC307AB6D1}.Debug|Any CPU.Build.0 = Debug|Any CPU
		{EFDBD7DC-896D-B098-4081-ACAC307AB6D1}.Release|Any CPU.ActiveCfg = Release|Any CPU
		{EFDBD7DC-896D-B098-4081-ACAC307AB6D1}.Release|Any CPU.Build.0 = Release|Any CPU
	EndGlobalSection
	GlobalSection(SolutionProperties) = preSolution
		HideSolutionNode = FALSE
	EndGlobalSection
EndGlobal
